// !$*UTF8*$!
{
	archiveVersion = 1;
	classes = {
	};
	objectVersion = 56;
	objects = {

/* Begin PBXBuildFile section */
		855699C8298420F1003C8FC6 /* AboutView.swift in Sources */ = {isa = PBXBuildFile; fileRef = 855699C7298420F1003C8FC6 /* AboutView.swift */; };
		855699CA298421CC003C8FC6 /* Q42.swift in Sources */ = {isa = PBXBuildFile; fileRef = 855699C9298421CC003C8FC6 /* Q42.swift */; };
		D589B4AB2927AB7500A7FC24 /* MinesweeperApp.swift in Sources */ = {isa = PBXBuildFile; fileRef = D589B4AA2927AB7500A7FC24 /* MinesweeperApp.swift */; };
		D589B4AD2927AB7500A7FC24 /* GameView.swift in Sources */ = {isa = PBXBuildFile; fileRef = D589B4AC2927AB7500A7FC24 /* GameView.swift */; };
		D589B4AF2927AB7600A7FC24 /* Assets.xcassets in Resources */ = {isa = PBXBuildFile; fileRef = D589B4AE2927AB7600A7FC24 /* Assets.xcassets */; };
		D589B4B32927AB7600A7FC24 /* Preview Assets.xcassets in Resources */ = {isa = PBXBuildFile; fileRef = D589B4B22927AB7600A7FC24 /* Preview Assets.xcassets */; };
		D589B4BD2927AB7600A7FC24 /* MinesweeperTests.swift in Sources */ = {isa = PBXBuildFile; fileRef = D589B4BC2927AB7600A7FC24 /* MinesweeperTests.swift */; };
		D589B4C72927AB7600A7FC24 /* MinesweeperUITests.swift in Sources */ = {isa = PBXBuildFile; fileRef = D589B4C62927AB7600A7FC24 /* MinesweeperUITests.swift */; };
		D589B4D62927ADD800A7FC24 /* MinesweeperGrid.swift in Sources */ = {isa = PBXBuildFile; fileRef = D589B4D52927ADD800A7FC24 /* MinesweeperGrid.swift */; };
		D5BD656029322B9E00247DDE /* MinesweeperWatchApp.swift in Sources */ = {isa = PBXBuildFile; fileRef = D5BD655F29322B9E00247DDE /* MinesweeperWatchApp.swift */; };
		D5BD656229322B9E00247DDE /* GameView.swift in Sources */ = {isa = PBXBuildFile; fileRef = D5BD656129322B9E00247DDE /* GameView.swift */; };
		D5BD656729322B9F00247DDE /* Preview Assets.xcassets in Resources */ = {isa = PBXBuildFile; fileRef = D5BD656629322B9F00247DDE /* Preview Assets.xcassets */; };
		D5BD656C29322BC300247DDE /* GridView.swift in Sources */ = {isa = PBXBuildFile; fileRef = D5BD656B29322BC300247DDE /* GridView.swift */; };
		D5BD656E29322C9300247DDE /* MinesweeperGrid.swift in Sources */ = {isa = PBXBuildFile; fileRef = D589B4D52927ADD800A7FC24 /* MinesweeperGrid.swift */; };
		D5BD656F29322C9300247DDE /* GridView.swift in Sources */ = {isa = PBXBuildFile; fileRef = D5BD656B29322BC300247DDE /* GridView.swift */; };
		D5BD657029322C9300247DDE /* Assets.xcassets in Resources */ = {isa = PBXBuildFile; fileRef = D589B4AE2927AB7600A7FC24 /* Assets.xcassets */; };
		D5BD657529322E7800247DDE /* RandomGridFactory.swift in Sources */ = {isa = PBXBuildFile; fileRef = D5BD657129322D8C00247DDE /* RandomGridFactory.swift */; };
		D5BD657729322EDE00247DDE /* SeededRandomGridFactory.swift in Sources */ = {isa = PBXBuildFile; fileRef = D5BD657629322EDE00247DDE /* SeededRandomGridFactory.swift */; };
		D5D4930E2940E6BF00BD74B7 /* Localizable.strings in Resources */ = {isa = PBXBuildFile; fileRef = D5D493112940E6BF00BD74B7 /* Localizable.strings */; };
		D5D4930F2940E6BF00BD74B7 /* Localizable.strings in Resources */ = {isa = PBXBuildFile; fileRef = D5D493112940E6BF00BD74B7 /* Localizable.strings */; };
		D5D493132940E6C600BD74B7 /* InfoPlist.strings in Resources */ = {isa = PBXBuildFile; fileRef = D5D493162940E6C600BD74B7 /* InfoPlist.strings */; };
		D5D493142940E6C600BD74B7 /* InfoPlist.strings in Resources */ = {isa = PBXBuildFile; fileRef = D5D493162940E6C600BD74B7 /* InfoPlist.strings */; };
		D5F1B7E62949BA4D00FC9AA9 /* Grid2D.swift in Sources */ = {isa = PBXBuildFile; fileRef = D5F1B7E52949BA4D00FC9AA9 /* Grid2D.swift */; };
		D5F1B7E72949BA4D00FC9AA9 /* Grid2D.swift in Sources */ = {isa = PBXBuildFile; fileRef = D5F1B7E52949BA4D00FC9AA9 /* Grid2D.swift */; };
		D5F5A9A02983FC4B001C2A0E /* TileDescription.swift in Sources */ = {isa = PBXBuildFile; fileRef = D5F5A99F2983FC4B001C2A0E /* TileDescription.swift */; };
		D5F5A9A12983FC4B001C2A0E /* TileDescription.swift in Sources */ = {isa = PBXBuildFile; fileRef = D5F5A99F2983FC4B001C2A0E /* TileDescription.swift */; };
		D5F5A9A3298400B3001C2A0E /* CustomGameForm.swift in Sources */ = {isa = PBXBuildFile; fileRef = D5F5A9A2298400B3001C2A0E /* CustomGameForm.swift */; };
		D5F5A9BE298422C6001C2A0E /* GameEndedView.swift in Sources */ = {isa = PBXBuildFile; fileRef = D5F5A9BD298422C6001C2A0E /* GameEndedView.swift */; };
		D5F5A9BF298422C6001C2A0E /* GameEndedView.swift in Sources */ = {isa = PBXBuildFile; fileRef = D5F5A9BD298422C6001C2A0E /* GameEndedView.swift */; };
		D5F5A9C8298430E0001C2A0E /* CustomGameForm.swift in Sources */ = {isa = PBXBuildFile; fileRef = D5F5A9C7298430E0001C2A0E /* CustomGameForm.swift */; };
		D5F5A9CB29844D9D001C2A0E /* LearnView.swift in Sources */ = {isa = PBXBuildFile; fileRef = D5F5A9CA29844D9D001C2A0E /* LearnView.swift */; };
		D5F5A9CC29844DAA001C2A0E /* LearnView.swift in Sources */ = {isa = PBXBuildFile; fileRef = D5F5A9CA29844D9D001C2A0E /* LearnView.swift */; };
		D5F5A9CD29844DAC001C2A0E /* AboutView.swift in Sources */ = {isa = PBXBuildFile; fileRef = 855699C7298420F1003C8FC6 /* AboutView.swift */; };
		D5F5A9CF29845284001C2A0E /* Q42.swift in Sources */ = {isa = PBXBuildFile; fileRef = 855699C9298421CC003C8FC6 /* Q42.swift */; };
/* End PBXBuildFile section */

/* Begin PBXContainerItemProxy section */
		D589B4B92927AB7600A7FC24 /* PBXContainerItemProxy */ = {
			isa = PBXContainerItemProxy;
			containerPortal = D589B49F2927AB7500A7FC24 /* Project object */;
			proxyType = 1;
			remoteGlobalIDString = D589B4A62927AB7500A7FC24;
			remoteInfo = Minesweeper;
		};
		D589B4C32927AB7600A7FC24 /* PBXContainerItemProxy */ = {
			isa = PBXContainerItemProxy;
			containerPortal = D589B49F2927AB7500A7FC24 /* Project object */;
			proxyType = 1;
			remoteGlobalIDString = D589B4A62927AB7500A7FC24;
			remoteInfo = Minesweeper;
		};
/* End PBXContainerItemProxy section */

/* Begin PBXFileReference section */
		855699C7298420F1003C8FC6 /* AboutView.swift */ = {isa = PBXFileReference; lastKnownFileType = sourcecode.swift; path = AboutView.swift; sourceTree = "<group>"; };
		855699C9298421CC003C8FC6 /* Q42.swift */ = {isa = PBXFileReference; fileEncoding = 4; lastKnownFileType = sourcecode.swift; path = Q42.swift; sourceTree = "<group>"; };
		D5424FB82993CFEF00A0C28D /* Screenshots.xctestplan */ = {isa = PBXFileReference; lastKnownFileType = text; name = Screenshots.xctestplan; path = Shared/Screenshots.xctestplan; sourceTree = "<group>"; };
		D576EFAF2996427C00B2E49C /* UnitTests.xctestplan */ = {isa = PBXFileReference; lastKnownFileType = text; path = UnitTests.xctestplan; sourceTree = "<group>"; };
		D589B4A72927AB7500A7FC24 /* Minesweeper.app */ = {isa = PBXFileReference; explicitFileType = wrapper.application; includeInIndex = 0; path = Minesweeper.app; sourceTree = BUILT_PRODUCTS_DIR; };
		D589B4AA2927AB7500A7FC24 /* MinesweeperApp.swift */ = {isa = PBXFileReference; lastKnownFileType = sourcecode.swift; path = MinesweeperApp.swift; sourceTree = "<group>"; };
		D589B4AC2927AB7500A7FC24 /* GameView.swift */ = {isa = PBXFileReference; lastKnownFileType = sourcecode.swift; path = GameView.swift; sourceTree = "<group>"; };
		D589B4AE2927AB7600A7FC24 /* Assets.xcassets */ = {isa = PBXFileReference; lastKnownFileType = folder.assetcatalog; path = Assets.xcassets; sourceTree = "<group>"; };
		D589B4B02927AB7600A7FC24 /* Minesweeper.entitlements */ = {isa = PBXFileReference; lastKnownFileType = text.plist.entitlements; path = Minesweeper.entitlements; sourceTree = "<group>"; };
		D589B4B22927AB7600A7FC24 /* Preview Assets.xcassets */ = {isa = PBXFileReference; lastKnownFileType = folder.assetcatalog; path = "Preview Assets.xcassets"; sourceTree = "<group>"; };
		D589B4B82927AB7600A7FC24 /* MinesweeperTests.xctest */ = {isa = PBXFileReference; explicitFileType = wrapper.cfbundle; includeInIndex = 0; path = MinesweeperTests.xctest; sourceTree = BUILT_PRODUCTS_DIR; };
		D589B4BC2927AB7600A7FC24 /* MinesweeperTests.swift */ = {isa = PBXFileReference; lastKnownFileType = sourcecode.swift; path = MinesweeperTests.swift; sourceTree = "<group>"; };
		D589B4C22927AB7600A7FC24 /* MinesweeperUITests.xctest */ = {isa = PBXFileReference; explicitFileType = wrapper.cfbundle; includeInIndex = 0; path = MinesweeperUITests.xctest; sourceTree = BUILT_PRODUCTS_DIR; };
		D589B4C62927AB7600A7FC24 /* MinesweeperUITests.swift */ = {isa = PBXFileReference; lastKnownFileType = sourcecode.swift; path = MinesweeperUITests.swift; sourceTree = "<group>"; };
		D589B4D52927ADD800A7FC24 /* MinesweeperGrid.swift */ = {isa = PBXFileReference; lastKnownFileType = sourcecode.swift; path = MinesweeperGrid.swift; sourceTree = "<group>"; };
		D5AC8C77294C7E0000D7C094 /* Info.plist */ = {isa = PBXFileReference; lastKnownFileType = text.plist; path = Info.plist; sourceTree = "<group>"; };
		D5BD655D29322B9E00247DDE /* MinesweeperWatch.app */ = {isa = PBXFileReference; explicitFileType = wrapper.application; includeInIndex = 0; path = MinesweeperWatch.app; sourceTree = BUILT_PRODUCTS_DIR; };
		D5BD655F29322B9E00247DDE /* MinesweeperWatchApp.swift */ = {isa = PBXFileReference; lastKnownFileType = sourcecode.swift; path = MinesweeperWatchApp.swift; sourceTree = "<group>"; };
		D5BD656129322B9E00247DDE /* GameView.swift */ = {isa = PBXFileReference; lastKnownFileType = sourcecode.swift; path = GameView.swift; sourceTree = "<group>"; };
		D5BD656629322B9F00247DDE /* Preview Assets.xcassets */ = {isa = PBXFileReference; lastKnownFileType = folder.assetcatalog; path = "Preview Assets.xcassets"; sourceTree = "<group>"; };
		D5BD656B29322BC300247DDE /* GridView.swift */ = {isa = PBXFileReference; lastKnownFileType = sourcecode.swift; path = GridView.swift; sourceTree = "<group>"; };
		D5BD657129322D8C00247DDE /* RandomGridFactory.swift */ = {isa = PBXFileReference; lastKnownFileType = sourcecode.swift; path = RandomGridFactory.swift; sourceTree = "<group>"; };
		D5BD657629322EDE00247DDE /* SeededRandomGridFactory.swift */ = {isa = PBXFileReference; lastKnownFileType = sourcecode.swift; path = SeededRandomGridFactory.swift; sourceTree = "<group>"; };
		D5D493122940E6C200BD74B7 /* nl */ = {isa = PBXFileReference; lastKnownFileType = text.plist.strings; name = nl; path = nl.lproj/Localizable.strings; sourceTree = "<group>"; };
		D5D493172940E6C900BD74B7 /* nl */ = {isa = PBXFileReference; lastKnownFileType = text.plist.strings; name = nl; path = nl.lproj/InfoPlist.strings; sourceTree = "<group>"; };
		D5D493182940EA0C00BD74B7 /* README.md */ = {isa = PBXFileReference; lastKnownFileType = net.daringfireball.markdown; path = README.md; sourceTree = "<group>"; };
		D5F1B7E52949BA4D00FC9AA9 /* Grid2D.swift */ = {isa = PBXFileReference; lastKnownFileType = sourcecode.swift; path = Grid2D.swift; sourceTree = "<group>"; };
		D5F5A99F2983FC4B001C2A0E /* TileDescription.swift */ = {isa = PBXFileReference; lastKnownFileType = sourcecode.swift; path = TileDescription.swift; sourceTree = "<group>"; };
		D5F5A9A2298400B3001C2A0E /* CustomGameForm.swift */ = {isa = PBXFileReference; lastKnownFileType = sourcecode.swift; path = CustomGameForm.swift; sourceTree = "<group>"; };
		D5F5A9BD298422C6001C2A0E /* GameEndedView.swift */ = {isa = PBXFileReference; lastKnownFileType = sourcecode.swift; path = GameEndedView.swift; sourceTree = "<group>"; };
		D5F5A9C7298430E0001C2A0E /* CustomGameForm.swift */ = {isa = PBXFileReference; fileEncoding = 4; lastKnownFileType = sourcecode.swift; path = CustomGameForm.swift; sourceTree = "<group>"; };
		D5F5A9CA29844D9D001C2A0E /* LearnView.swift */ = {isa = PBXFileReference; lastKnownFileType = sourcecode.swift; path = LearnView.swift; sourceTree = "<group>"; };
		D5F5A9CE29845150001C2A0E /* en */ = {isa = PBXFileReference; lastKnownFileType = text.plist.strings; name = en; path = en.lproj/Localizable.strings; sourceTree = "<group>"; };
/* End PBXFileReference section */

/* Begin PBXFrameworksBuildPhase section */
		D589B4A42927AB7500A7FC24 /* Frameworks */ = {
			isa = PBXFrameworksBuildPhase;
			buildActionMask = 2147483647;
			files = (
			);
			runOnlyForDeploymentPostprocessing = 0;
		};
		D589B4B52927AB7600A7FC24 /* Frameworks */ = {
			isa = PBXFrameworksBuildPhase;
			buildActionMask = 2147483647;
			files = (
			);
			runOnlyForDeploymentPostprocessing = 0;
		};
		D589B4BF2927AB7600A7FC24 /* Frameworks */ = {
			isa = PBXFrameworksBuildPhase;
			buildActionMask = 2147483647;
			files = (
			);
			runOnlyForDeploymentPostprocessing = 0;
		};
		D5BD655A29322B9E00247DDE /* Frameworks */ = {
			isa = PBXFrameworksBuildPhase;
			buildActionMask = 2147483647;
			files = (
			);
			runOnlyForDeploymentPostprocessing = 0;
		};
/* End PBXFrameworksBuildPhase section */

/* Begin PBXGroup section */
		D589B49E2927AB7500A7FC24 = {
			isa = PBXGroup;
			children = (
				D5424FB82993CFEF00A0C28D /* Screenshots.xctestplan */,
				D576EFAF2996427C00B2E49C /* UnitTests.xctestplan */,
				D5D493182940EA0C00BD74B7 /* README.md */,
				D5BD656D29322C0B00247DDE /* Shared */,
				D589B4A92927AB7500A7FC24 /* Minesweeper */,
				D5BD655E29322B9E00247DDE /* MinesweeperWatch */,
				D589B4BB2927AB7600A7FC24 /* MinesweeperTests */,
				D589B4C52927AB7600A7FC24 /* MinesweeperUITests */,
				D589B4A82927AB7500A7FC24 /* Products */,
			);
			indentWidth = 4;
			sourceTree = "<group>";
			tabWidth = 4;
		};
		D589B4A82927AB7500A7FC24 /* Products */ = {
			isa = PBXGroup;
			children = (
				D589B4A72927AB7500A7FC24 /* Minesweeper.app */,
				D589B4B82927AB7600A7FC24 /* MinesweeperTests.xctest */,
				D589B4C22927AB7600A7FC24 /* MinesweeperUITests.xctest */,
				D5BD655D29322B9E00247DDE /* MinesweeperWatch.app */,
			);
			name = Products;
			sourceTree = "<group>";
		};
		D589B4A92927AB7500A7FC24 /* Minesweeper */ = {
			isa = PBXGroup;
			children = (
				D5AC8C77294C7E0000D7C094 /* Info.plist */,
				D589B4AA2927AB7500A7FC24 /* MinesweeperApp.swift */,
				D5F5A9A2298400B3001C2A0E /* CustomGameForm.swift */,
				D589B4AC2927AB7500A7FC24 /* GameView.swift */,
				D5BD657629322EDE00247DDE /* SeededRandomGridFactory.swift */,
				D589B4B02927AB7600A7FC24 /* Minesweeper.entitlements */,
				D589B4B12927AB7600A7FC24 /* Preview Content */,
			);
			path = Minesweeper;
			sourceTree = "<group>";
		};
		D589B4B12927AB7600A7FC24 /* Preview Content */ = {
			isa = PBXGroup;
			children = (
				D589B4B22927AB7600A7FC24 /* Preview Assets.xcassets */,
			);
			path = "Preview Content";
			sourceTree = "<group>";
		};
		D589B4BB2927AB7600A7FC24 /* MinesweeperTests */ = {
			isa = PBXGroup;
			children = (
				D589B4BC2927AB7600A7FC24 /* MinesweeperTests.swift */,
			);
			path = MinesweeperTests;
			sourceTree = "<group>";
		};
		D589B4C52927AB7600A7FC24 /* MinesweeperUITests */ = {
			isa = PBXGroup;
			children = (
				D589B4C62927AB7600A7FC24 /* MinesweeperUITests.swift */,
			);
			path = MinesweeperUITests;
			sourceTree = "<group>";
		};
		D5BD655E29322B9E00247DDE /* MinesweeperWatch */ = {
			isa = PBXGroup;
			children = (
				D5BD655F29322B9E00247DDE /* MinesweeperWatchApp.swift */,
				D5BD656129322B9E00247DDE /* GameView.swift */,
				D5BD657129322D8C00247DDE /* RandomGridFactory.swift */,
				D5F5A9C7298430E0001C2A0E /* CustomGameForm.swift */,
				D5BD656529322B9F00247DDE /* Preview Content */,
			);
			path = MinesweeperWatch;
			sourceTree = "<group>";
		};
		D5BD656529322B9F00247DDE /* Preview Content */ = {
			isa = PBXGroup;
			children = (
				D5BD656629322B9F00247DDE /* Preview Assets.xcassets */,
			);
			path = "Preview Content";
			sourceTree = "<group>";
		};
		D5BD656D29322C0B00247DDE /* Shared */ = {
			isa = PBXGroup;
			children = (
				D5BD656B29322BC300247DDE /* GridView.swift */,
				D5F5A9BD298422C6001C2A0E /* GameEndedView.swift */,
				D5F5A99F2983FC4B001C2A0E /* TileDescription.swift */,
				D589B4D52927ADD800A7FC24 /* MinesweeperGrid.swift */,
				D5F1B7E52949BA4D00FC9AA9 /* Grid2D.swift */,
				855699C9298421CC003C8FC6 /* Q42.swift */,
				855699C7298420F1003C8FC6 /* AboutView.swift */,
				D5F5A9CA29844D9D001C2A0E /* LearnView.swift */,
				D589B4AE2927AB7600A7FC24 /* Assets.xcassets */,
				D5D493112940E6BF00BD74B7 /* Localizable.strings */,
				D5D493162940E6C600BD74B7 /* InfoPlist.strings */,
			);
			path = Shared;
			sourceTree = "<group>";
		};
/* End PBXGroup section */

/* Begin PBXNativeTarget section */
		D589B4A62927AB7500A7FC24 /* Minesweeper */ = {
			isa = PBXNativeTarget;
			buildConfigurationList = D589B4CC2927AB7600A7FC24 /* Build configuration list for PBXNativeTarget "Minesweeper" */;
			buildPhases = (
				D589B4A32927AB7500A7FC24 /* Sources */,
				D589B4A42927AB7500A7FC24 /* Frameworks */,
				D589B4A52927AB7500A7FC24 /* Resources */,
			);
			buildRules = (
			);
			dependencies = (
			);
			name = Minesweeper;
			productName = Minesweeper;
			productReference = D589B4A72927AB7500A7FC24 /* Minesweeper.app */;
			productType = "com.apple.product-type.application";
		};
		D589B4B72927AB7600A7FC24 /* MinesweeperTests */ = {
			isa = PBXNativeTarget;
			buildConfigurationList = D589B4CF2927AB7600A7FC24 /* Build configuration list for PBXNativeTarget "MinesweeperTests" */;
			buildPhases = (
				D589B4B42927AB7600A7FC24 /* Sources */,
				D589B4B52927AB7600A7FC24 /* Frameworks */,
				D589B4B62927AB7600A7FC24 /* Resources */,
			);
			buildRules = (
			);
			dependencies = (
				D589B4BA2927AB7600A7FC24 /* PBXTargetDependency */,
			);
			name = MinesweeperTests;
			productName = MinesweeperTests;
			productReference = D589B4B82927AB7600A7FC24 /* MinesweeperTests.xctest */;
			productType = "com.apple.product-type.bundle.unit-test";
		};
		D589B4C12927AB7600A7FC24 /* MinesweeperUITests */ = {
			isa = PBXNativeTarget;
			buildConfigurationList = D589B4D22927AB7600A7FC24 /* Build configuration list for PBXNativeTarget "MinesweeperUITests" */;
			buildPhases = (
				D589B4BE2927AB7600A7FC24 /* Sources */,
				D589B4BF2927AB7600A7FC24 /* Frameworks */,
				D589B4C02927AB7600A7FC24 /* Resources */,
			);
			buildRules = (
			);
			dependencies = (
				D589B4C42927AB7600A7FC24 /* PBXTargetDependency */,
			);
			name = MinesweeperUITests;
			productName = MinesweeperUITests;
			productReference = D589B4C22927AB7600A7FC24 /* MinesweeperUITests.xctest */;
			productType = "com.apple.product-type.bundle.ui-testing";
		};
		D5BD655C29322B9E00247DDE /* MinesweeperWatch */ = {
			isa = PBXNativeTarget;
			buildConfigurationList = D5BD656A29322B9F00247DDE /* Build configuration list for PBXNativeTarget "MinesweeperWatch" */;
			buildPhases = (
				D5BD655929322B9E00247DDE /* Sources */,
				D5BD655A29322B9E00247DDE /* Frameworks */,
				D5BD655B29322B9E00247DDE /* Resources */,
			);
			buildRules = (
			);
			dependencies = (
			);
			name = MinesweeperWatch;
			productName = "MinesweeperWatch Watch App";
			productReference = D5BD655D29322B9E00247DDE /* MinesweeperWatch.app */;
			productType = "com.apple.product-type.application";
		};
/* End PBXNativeTarget section */

/* Begin PBXProject section */
		D589B49F2927AB7500A7FC24 /* Project object */ = {
			isa = PBXProject;
			attributes = {
				BuildIndependentTargetsInParallel = 1;
				LastSwiftUpdateCheck = 1410;
				LastUpgradeCheck = 1410;
				ORGANIZATIONNAME = Q42;
				TargetAttributes = {
					D589B4A62927AB7500A7FC24 = {
						CreatedOnToolsVersion = 14.1;
					};
					D589B4B72927AB7600A7FC24 = {
						CreatedOnToolsVersion = 14.1;
						TestTargetID = D589B4A62927AB7500A7FC24;
					};
					D589B4C12927AB7600A7FC24 = {
						CreatedOnToolsVersion = 14.1;
						TestTargetID = D589B4A62927AB7500A7FC24;
					};
					D5BD655C29322B9E00247DDE = {
						CreatedOnToolsVersion = 14.1;
					};
				};
			};
			buildConfigurationList = D589B4A22927AB7500A7FC24 /* Build configuration list for PBXProject "Minesweeper" */;
			compatibilityVersion = "Xcode 14.0";
			developmentRegion = en;
			hasScannedForEncodings = 0;
			knownRegions = (
				en,
				Base,
				nl,
			);
			mainGroup = D589B49E2927AB7500A7FC24;
			productRefGroup = D589B4A82927AB7500A7FC24 /* Products */;
			projectDirPath = "";
			projectRoot = "";
			targets = (
				D589B4A62927AB7500A7FC24 /* Minesweeper */,
				D589B4B72927AB7600A7FC24 /* MinesweeperTests */,
				D589B4C12927AB7600A7FC24 /* MinesweeperUITests */,
				D5BD655C29322B9E00247DDE /* MinesweeperWatch */,
			);
		};
/* End PBXProject section */

/* Begin PBXResourcesBuildPhase section */
		D589B4A52927AB7500A7FC24 /* Resources */ = {
			isa = PBXResourcesBuildPhase;
			buildActionMask = 2147483647;
			files = (
				D589B4B32927AB7600A7FC24 /* Preview Assets.xcassets in Resources */,
				D5D493132940E6C600BD74B7 /* InfoPlist.strings in Resources */,
				D5D4930E2940E6BF00BD74B7 /* Localizable.strings in Resources */,
				D589B4AF2927AB7600A7FC24 /* Assets.xcassets in Resources */,
			);
			runOnlyForDeploymentPostprocessing = 0;
		};
		D589B4B62927AB7600A7FC24 /* Resources */ = {
			isa = PBXResourcesBuildPhase;
			buildActionMask = 2147483647;
			files = (
			);
			runOnlyForDeploymentPostprocessing = 0;
		};
		D589B4C02927AB7600A7FC24 /* Resources */ = {
			isa = PBXResourcesBuildPhase;
			buildActionMask = 2147483647;
			files = (
			);
			runOnlyForDeploymentPostprocessing = 0;
		};
		D5BD655B29322B9E00247DDE /* Resources */ = {
			isa = PBXResourcesBuildPhase;
			buildActionMask = 2147483647;
			files = (
				D5BD657029322C9300247DDE /* Assets.xcassets in Resources */,
				D5D493142940E6C600BD74B7 /* InfoPlist.strings in Resources */,
				D5D4930F2940E6BF00BD74B7 /* Localizable.strings in Resources */,
				D5BD656729322B9F00247DDE /* Preview Assets.xcassets in Resources */,
			);
			runOnlyForDeploymentPostprocessing = 0;
		};
/* End PBXResourcesBuildPhase section */

/* Begin PBXSourcesBuildPhase section */
		D589B4A32927AB7500A7FC24 /* Sources */ = {
			isa = PBXSourcesBuildPhase;
			buildActionMask = 2147483647;
			files = (
				D589B4AD2927AB7500A7FC24 /* GameView.swift in Sources */,
				D589B4AB2927AB7500A7FC24 /* MinesweeperApp.swift in Sources */,
				D5F5A9A02983FC4B001C2A0E /* TileDescription.swift in Sources */,
				855699CA298421CC003C8FC6 /* Q42.swift in Sources */,
				D5BD657729322EDE00247DDE /* SeededRandomGridFactory.swift in Sources */,
				855699C8298420F1003C8FC6 /* AboutView.swift in Sources */,
				D5F1B7E62949BA4D00FC9AA9 /* Grid2D.swift in Sources */,
				D5F5A9CB29844D9D001C2A0E /* LearnView.swift in Sources */,
				D5F5A9BE298422C6001C2A0E /* GameEndedView.swift in Sources */,
				D5BD656C29322BC300247DDE /* GridView.swift in Sources */,
				D589B4D62927ADD800A7FC24 /* MinesweeperGrid.swift in Sources */,
				D5F5A9A3298400B3001C2A0E /* CustomGameForm.swift in Sources */,
			);
			runOnlyForDeploymentPostprocessing = 0;
		};
		D589B4B42927AB7600A7FC24 /* Sources */ = {
			isa = PBXSourcesBuildPhase;
			buildActionMask = 2147483647;
			files = (
				D589B4BD2927AB7600A7FC24 /* MinesweeperTests.swift in Sources */,
			);
			runOnlyForDeploymentPostprocessing = 0;
		};
		D589B4BE2927AB7600A7FC24 /* Sources */ = {
			isa = PBXSourcesBuildPhase;
			buildActionMask = 2147483647;
			files = (
				D589B4C72927AB7600A7FC24 /* MinesweeperUITests.swift in Sources */,
			);
			runOnlyForDeploymentPostprocessing = 0;
		};
		D5BD655929322B9E00247DDE /* Sources */ = {
			isa = PBXSourcesBuildPhase;
			buildActionMask = 2147483647;
			files = (
				D5BD657529322E7800247DDE /* RandomGridFactory.swift in Sources */,
				D5BD656229322B9E00247DDE /* GameView.swift in Sources */,
				D5F5A9CD29844DAC001C2A0E /* AboutView.swift in Sources */,
				D5F5A9C8298430E0001C2A0E /* CustomGameForm.swift in Sources */,
				D5F5A9A12983FC4B001C2A0E /* TileDescription.swift in Sources */,
				D5BD656029322B9E00247DDE /* MinesweeperWatchApp.swift in Sources */,
				D5F5A9CC29844DAA001C2A0E /* LearnView.swift in Sources */,
				D5F1B7E72949BA4D00FC9AA9 /* Grid2D.swift in Sources */,
				D5F5A9BF298422C6001C2A0E /* GameEndedView.swift in Sources */,
				D5BD656F29322C9300247DDE /* GridView.swift in Sources */,
				D5BD656E29322C9300247DDE /* MinesweeperGrid.swift in Sources */,
				D5F5A9CF29845284001C2A0E /* Q42.swift in Sources */,
			);
			runOnlyForDeploymentPostprocessing = 0;
		};
/* End PBXSourcesBuildPhase section */

/* Begin PBXTargetDependency section */
		D589B4BA2927AB7600A7FC24 /* PBXTargetDependency */ = {
			isa = PBXTargetDependency;
			target = D589B4A62927AB7500A7FC24 /* Minesweeper */;
			targetProxy = D589B4B92927AB7600A7FC24 /* PBXContainerItemProxy */;
		};
		D589B4C42927AB7600A7FC24 /* PBXTargetDependency */ = {
			isa = PBXTargetDependency;
			target = D589B4A62927AB7500A7FC24 /* Minesweeper */;
			targetProxy = D589B4C32927AB7600A7FC24 /* PBXContainerItemProxy */;
		};
/* End PBXTargetDependency section */

/* Begin PBXVariantGroup section */
		D5D493112940E6BF00BD74B7 /* Localizable.strings */ = {
			isa = PBXVariantGroup;
			children = (
				D5D493122940E6C200BD74B7 /* nl */,
				D5F5A9CE29845150001C2A0E /* en */,
			);
			name = Localizable.strings;
			sourceTree = "<group>";
		};
		D5D493162940E6C600BD74B7 /* InfoPlist.strings */ = {
			isa = PBXVariantGroup;
			children = (
				D5D493172940E6C900BD74B7 /* nl */,
			);
			name = InfoPlist.strings;
			sourceTree = "<group>";
		};
/* End PBXVariantGroup section */

/* Begin XCBuildConfiguration section */
		D589B4CA2927AB7600A7FC24 /* Debug */ = {
			isa = XCBuildConfiguration;
			buildSettings = {
				ALWAYS_SEARCH_USER_PATHS = NO;
				CLANG_ANALYZER_NONNULL = YES;
				CLANG_ANALYZER_NUMBER_OBJECT_CONVERSION = YES_AGGRESSIVE;
				CLANG_CXX_LANGUAGE_STANDARD = "gnu++20";
				CLANG_ENABLE_MODULES = YES;
				CLANG_ENABLE_OBJC_ARC = YES;
				CLANG_ENABLE_OBJC_WEAK = YES;
				CLANG_WARN_BLOCK_CAPTURE_AUTORELEASING = YES;
				CLANG_WARN_BOOL_CONVERSION = YES;
				CLANG_WARN_COMMA = YES;
				CLANG_WARN_CONSTANT_CONVERSION = YES;
				CLANG_WARN_DEPRECATED_OBJC_IMPLEMENTATIONS = YES;
				CLANG_WARN_DIRECT_OBJC_ISA_USAGE = YES_ERROR;
				CLANG_WARN_DOCUMENTATION_COMMENTS = YES;
				CLANG_WARN_EMPTY_BODY = YES;
				CLANG_WARN_ENUM_CONVERSION = YES;
				CLANG_WARN_INFINITE_RECURSION = YES;
				CLANG_WARN_INT_CONVERSION = YES;
				CLANG_WARN_NON_LITERAL_NULL_CONVERSION = YES;
				CLANG_WARN_OBJC_IMPLICIT_RETAIN_SELF = YES;
				CLANG_WARN_OBJC_LITERAL_CONVERSION = YES;
				CLANG_WARN_OBJC_ROOT_CLASS = YES_ERROR;
				CLANG_WARN_QUOTED_INCLUDE_IN_FRAMEWORK_HEADER = YES;
				CLANG_WARN_RANGE_LOOP_ANALYSIS = YES;
				CLANG_WARN_STRICT_PROTOTYPES = YES;
				CLANG_WARN_SUSPICIOUS_MOVE = YES;
				CLANG_WARN_UNGUARDED_AVAILABILITY = YES_AGGRESSIVE;
				CLANG_WARN_UNREACHABLE_CODE = YES;
				CLANG_WARN__DUPLICATE_METHOD_MATCH = YES;
				COPY_PHASE_STRIP = NO;
				DEBUG_INFORMATION_FORMAT = dwarf;
				ENABLE_STRICT_OBJC_MSGSEND = YES;
				ENABLE_TESTABILITY = YES;
				GCC_C_LANGUAGE_STANDARD = gnu11;
				GCC_DYNAMIC_NO_PIC = NO;
				GCC_NO_COMMON_BLOCKS = YES;
				GCC_OPTIMIZATION_LEVEL = 0;
				GCC_PREPROCESSOR_DEFINITIONS = (
					"DEBUG=1",
					"$(inherited)",
				);
				GCC_WARN_64_TO_32_BIT_CONVERSION = YES;
				GCC_WARN_ABOUT_RETURN_TYPE = YES_ERROR;
				GCC_WARN_UNDECLARED_SELECTOR = YES;
				GCC_WARN_UNINITIALIZED_AUTOS = YES_AGGRESSIVE;
				GCC_WARN_UNUSED_FUNCTION = YES;
				GCC_WARN_UNUSED_VARIABLE = YES;
				IPHONEOS_DEPLOYMENT_TARGET = 16.0;
				MACOSX_DEPLOYMENT_TARGET = 13.0;
				MTL_ENABLE_DEBUG_INFO = INCLUDE_SOURCE;
				MTL_FAST_MATH = YES;
				ONLY_ACTIVE_ARCH = YES;
				SWIFT_ACTIVE_COMPILATION_CONDITIONS = DEBUG;
				SWIFT_OPTIMIZATION_LEVEL = "-Onone";
				WATCHOS_DEPLOYMENT_TARGET = 9.0;
			};
			name = Debug;
		};
		D589B4CB2927AB7600A7FC24 /* Release */ = {
			isa = XCBuildConfiguration;
			buildSettings = {
				ALWAYS_SEARCH_USER_PATHS = NO;
				CLANG_ANALYZER_NONNULL = YES;
				CLANG_ANALYZER_NUMBER_OBJECT_CONVERSION = YES_AGGRESSIVE;
				CLANG_CXX_LANGUAGE_STANDARD = "gnu++20";
				CLANG_ENABLE_MODULES = YES;
				CLANG_ENABLE_OBJC_ARC = YES;
				CLANG_ENABLE_OBJC_WEAK = YES;
				CLANG_WARN_BLOCK_CAPTURE_AUTORELEASING = YES;
				CLANG_WARN_BOOL_CONVERSION = YES;
				CLANG_WARN_COMMA = YES;
				CLANG_WARN_CONSTANT_CONVERSION = YES;
				CLANG_WARN_DEPRECATED_OBJC_IMPLEMENTATIONS = YES;
				CLANG_WARN_DIRECT_OBJC_ISA_USAGE = YES_ERROR;
				CLANG_WARN_DOCUMENTATION_COMMENTS = YES;
				CLANG_WARN_EMPTY_BODY = YES;
				CLANG_WARN_ENUM_CONVERSION = YES;
				CLANG_WARN_INFINITE_RECURSION = YES;
				CLANG_WARN_INT_CONVERSION = YES;
				CLANG_WARN_NON_LITERAL_NULL_CONVERSION = YES;
				CLANG_WARN_OBJC_IMPLICIT_RETAIN_SELF = YES;
				CLANG_WARN_OBJC_LITERAL_CONVERSION = YES;
				CLANG_WARN_OBJC_ROOT_CLASS = YES_ERROR;
				CLANG_WARN_QUOTED_INCLUDE_IN_FRAMEWORK_HEADER = YES;
				CLANG_WARN_RANGE_LOOP_ANALYSIS = YES;
				CLANG_WARN_STRICT_PROTOTYPES = YES;
				CLANG_WARN_SUSPICIOUS_MOVE = YES;
				CLANG_WARN_UNGUARDED_AVAILABILITY = YES_AGGRESSIVE;
				CLANG_WARN_UNREACHABLE_CODE = YES;
				CLANG_WARN__DUPLICATE_METHOD_MATCH = YES;
				COPY_PHASE_STRIP = NO;
				DEBUG_INFORMATION_FORMAT = "dwarf-with-dsym";
				ENABLE_NS_ASSERTIONS = NO;
				ENABLE_STRICT_OBJC_MSGSEND = YES;
				GCC_C_LANGUAGE_STANDARD = gnu11;
				GCC_NO_COMMON_BLOCKS = YES;
				GCC_WARN_64_TO_32_BIT_CONVERSION = YES;
				GCC_WARN_ABOUT_RETURN_TYPE = YES_ERROR;
				GCC_WARN_UNDECLARED_SELECTOR = YES;
				GCC_WARN_UNINITIALIZED_AUTOS = YES_AGGRESSIVE;
				GCC_WARN_UNUSED_FUNCTION = YES;
				GCC_WARN_UNUSED_VARIABLE = YES;
				IPHONEOS_DEPLOYMENT_TARGET = 16.0;
				MACOSX_DEPLOYMENT_TARGET = 13.0;
				MTL_ENABLE_DEBUG_INFO = NO;
				MTL_FAST_MATH = YES;
				SWIFT_COMPILATION_MODE = wholemodule;
				SWIFT_OPTIMIZATION_LEVEL = "-O";
				WATCHOS_DEPLOYMENT_TARGET = 9.0;
			};
			name = Release;
		};
		D589B4CD2927AB7600A7FC24 /* Debug */ = {
			isa = XCBuildConfiguration;
			buildSettings = {
				ASSETCATALOG_COMPILER_APPICON_NAME = AppIcon;
				ASSETCATALOG_COMPILER_GLOBAL_ACCENT_COLOR_NAME = AccentColor;
				CODE_SIGN_ENTITLEMENTS = Minesweeper/Minesweeper.entitlements;
				CODE_SIGN_STYLE = Automatic;
				CURRENT_PROJECT_VERSION = 1;
				DEVELOPMENT_ASSET_PATHS = "\"Minesweeper/Preview Content\"";
				DEVELOPMENT_TEAM = 8J6VSUTQNX;
				ENABLE_HARDENED_RUNTIME = YES;
				ENABLE_PREVIEWS = YES;
				GENERATE_INFOPLIST_FILE = YES;
				INFOPLIST_FILE = Minesweeper/Info.plist;
				INFOPLIST_KEY_LSApplicationCategoryType = "public.app-category.puzzle-games";
				"INFOPLIST_KEY_UIApplicationSceneManifest_Generation[sdk=iphoneos*]" = YES;
				"INFOPLIST_KEY_UIApplicationSceneManifest_Generation[sdk=iphonesimulator*]" = YES;
				"INFOPLIST_KEY_UIApplicationSupportsIndirectInputEvents[sdk=iphoneos*]" = YES;
				"INFOPLIST_KEY_UIApplicationSupportsIndirectInputEvents[sdk=iphonesimulator*]" = YES;
				"INFOPLIST_KEY_UILaunchScreen_Generation[sdk=iphoneos*]" = YES;
				"INFOPLIST_KEY_UILaunchScreen_Generation[sdk=iphonesimulator*]" = YES;
				"INFOPLIST_KEY_UIStatusBarStyle[sdk=iphoneos*]" = UIStatusBarStyleDefault;
				"INFOPLIST_KEY_UIStatusBarStyle[sdk=iphonesimulator*]" = UIStatusBarStyleDefault;
				INFOPLIST_KEY_UISupportedInterfaceOrientations_iPad = "UIInterfaceOrientationPortrait UIInterfaceOrientationPortraitUpsideDown UIInterfaceOrientationLandscapeLeft UIInterfaceOrientationLandscapeRight";
				INFOPLIST_KEY_UISupportedInterfaceOrientations_iPhone = "UIInterfaceOrientationPortrait UIInterfaceOrientationLandscapeLeft UIInterfaceOrientationLandscapeRight";
				LD_RUNPATH_SEARCH_PATHS = "@executable_path/Frameworks";
				"LD_RUNPATH_SEARCH_PATHS[sdk=macosx*]" = "@executable_path/../Frameworks";
				MARKETING_VERSION = 1.0;
				PRODUCT_BUNDLE_IDENTIFIER = com.q42.minesweeper;
				PRODUCT_NAME = "$(TARGET_NAME)";
				SDKROOT = auto;
				SUPPORTED_PLATFORMS = "iphoneos iphonesimulator macosx";
				SWIFT_EMIT_LOC_STRINGS = YES;
				SWIFT_VERSION = 5.0;
				TARGETED_DEVICE_FAMILY = "1,2";
			};
			name = Debug;
		};
		D589B4CE2927AB7600A7FC24 /* Release */ = {
			isa = XCBuildConfiguration;
			buildSettings = {
				ASSETCATALOG_COMPILER_APPICON_NAME = AppIcon;
				ASSETCATALOG_COMPILER_GLOBAL_ACCENT_COLOR_NAME = AccentColor;
				CODE_SIGN_ENTITLEMENTS = Minesweeper/Minesweeper.entitlements;
				CODE_SIGN_STYLE = Automatic;
				CURRENT_PROJECT_VERSION = 1;
				DEVELOPMENT_ASSET_PATHS = "\"Minesweeper/Preview Content\"";
				DEVELOPMENT_TEAM = 8J6VSUTQNX;
				ENABLE_HARDENED_RUNTIME = YES;
				ENABLE_PREVIEWS = YES;
				GENERATE_INFOPLIST_FILE = YES;
				INFOPLIST_FILE = Minesweeper/Info.plist;
				INFOPLIST_KEY_LSApplicationCategoryType = "public.app-category.puzzle-games";
				"INFOPLIST_KEY_UIApplicationSceneManifest_Generation[sdk=iphoneos*]" = YES;
				"INFOPLIST_KEY_UIApplicationSceneManifest_Generation[sdk=iphonesimulator*]" = YES;
				"INFOPLIST_KEY_UIApplicationSupportsIndirectInputEvents[sdk=iphoneos*]" = YES;
				"INFOPLIST_KEY_UIApplicationSupportsIndirectInputEvents[sdk=iphonesimulator*]" = YES;
				"INFOPLIST_KEY_UILaunchScreen_Generation[sdk=iphoneos*]" = YES;
				"INFOPLIST_KEY_UILaunchScreen_Generation[sdk=iphonesimulator*]" = YES;
				"INFOPLIST_KEY_UIStatusBarStyle[sdk=iphoneos*]" = UIStatusBarStyleDefault;
				"INFOPLIST_KEY_UIStatusBarStyle[sdk=iphonesimulator*]" = UIStatusBarStyleDefault;
				INFOPLIST_KEY_UISupportedInterfaceOrientations_iPad = "UIInterfaceOrientationPortrait UIInterfaceOrientationPortraitUpsideDown UIInterfaceOrientationLandscapeLeft UIInterfaceOrientationLandscapeRight";
				INFOPLIST_KEY_UISupportedInterfaceOrientations_iPhone = "UIInterfaceOrientationPortrait UIInterfaceOrientationLandscapeLeft UIInterfaceOrientationLandscapeRight";
				LD_RUNPATH_SEARCH_PATHS = "@executable_path/Frameworks";
				"LD_RUNPATH_SEARCH_PATHS[sdk=macosx*]" = "@executable_path/../Frameworks";
				MARKETING_VERSION = 1.0;
				PRODUCT_BUNDLE_IDENTIFIER = com.q42.minesweeper;
				PRODUCT_NAME = "$(TARGET_NAME)";
				SDKROOT = auto;
				SUPPORTED_PLATFORMS = "iphoneos iphonesimulator macosx";
				SWIFT_EMIT_LOC_STRINGS = YES;
				SWIFT_VERSION = 5.0;
				TARGETED_DEVICE_FAMILY = "1,2";
			};
			name = Release;
		};
		D589B4D02927AB7600A7FC24 /* Debug */ = {
			isa = XCBuildConfiguration;
			buildSettings = {
				ALWAYS_EMBED_SWIFT_STANDARD_LIBRARIES = YES;
				BUNDLE_LOADER = "$(TEST_HOST)";
				CODE_SIGN_STYLE = Automatic;
				CURRENT_PROJECT_VERSION = 1;
				DEVELOPMENT_TEAM = 8J6VSUTQNX;
				GENERATE_INFOPLIST_FILE = YES;
				MARKETING_VERSION = 1.0;
				PRODUCT_BUNDLE_IDENTIFIER = nl.q42.MinesweeperTests;
				PRODUCT_NAME = "$(TARGET_NAME)";
				SDKROOT = auto;
				SUPPORTED_PLATFORMS = "iphoneos iphonesimulator macosx";
				SWIFT_EMIT_LOC_STRINGS = NO;
				SWIFT_VERSION = 5.0;
				TARGETED_DEVICE_FAMILY = "1,2";
				TEST_HOST = "$(BUILT_PRODUCTS_DIR)/Minesweeper.app/$(BUNDLE_EXECUTABLE_FOLDER_PATH)/Minesweeper";
			};
			name = Debug;
		};
		D589B4D12927AB7600A7FC24 /* Release */ = {
			isa = XCBuildConfiguration;
			buildSettings = {
				ALWAYS_EMBED_SWIFT_STANDARD_LIBRARIES = YES;
				BUNDLE_LOADER = "$(TEST_HOST)";
				CODE_SIGN_STYLE = Automatic;
				CURRENT_PROJECT_VERSION = 1;
				DEVELOPMENT_TEAM = 8J6VSUTQNX;
				GENERATE_INFOPLIST_FILE = YES;
				MARKETING_VERSION = 1.0;
				PRODUCT_BUNDLE_IDENTIFIER = nl.q42.MinesweeperTests;
				PRODUCT_NAME = "$(TARGET_NAME)";
				SDKROOT = auto;
				SUPPORTED_PLATFORMS = "iphoneos iphonesimulator macosx";
				SWIFT_EMIT_LOC_STRINGS = NO;
				SWIFT_VERSION = 5.0;
				TARGETED_DEVICE_FAMILY = "1,2";
				TEST_HOST = "$(BUILT_PRODUCTS_DIR)/Minesweeper.app/$(BUNDLE_EXECUTABLE_FOLDER_PATH)/Minesweeper";
			};
			name = Release;
		};
		D589B4D32927AB7600A7FC24 /* Debug */ = {
			isa = XCBuildConfiguration;
			buildSettings = {
				ALWAYS_EMBED_SWIFT_STANDARD_LIBRARIES = YES;
				CODE_SIGN_STYLE = Automatic;
				CURRENT_PROJECT_VERSION = 1;
				DEVELOPMENT_TEAM = 8J6VSUTQNX;
				GENERATE_INFOPLIST_FILE = YES;
				MARKETING_VERSION = 1.0;
				PRODUCT_BUNDLE_IDENTIFIER = nl.q42.MinesweeperUITests;
				PRODUCT_NAME = "$(TARGET_NAME)";
				SDKROOT = auto;
				SUPPORTED_PLATFORMS = "iphoneos iphonesimulator macosx";
				SWIFT_EMIT_LOC_STRINGS = NO;
				SWIFT_VERSION = 5.0;
				TARGETED_DEVICE_FAMILY = "1,2";
				TEST_TARGET_NAME = Minesweeper;
			};
			name = Debug;
		};
		D589B4D42927AB7600A7FC24 /* Release */ = {
			isa = XCBuildConfiguration;
			buildSettings = {
				ALWAYS_EMBED_SWIFT_STANDARD_LIBRARIES = YES;
				CODE_SIGN_STYLE = Automatic;
				CURRENT_PROJECT_VERSION = 1;
				DEVELOPMENT_TEAM = 8J6VSUTQNX;
				GENERATE_INFOPLIST_FILE = YES;
				MARKETING_VERSION = 1.0;
				PRODUCT_BUNDLE_IDENTIFIER = nl.q42.MinesweeperUITests;
				PRODUCT_NAME = "$(TARGET_NAME)";
				SDKROOT = auto;
				SUPPORTED_PLATFORMS = "iphoneos iphonesimulator macosx";
				SWIFT_EMIT_LOC_STRINGS = NO;
				SWIFT_VERSION = 5.0;
				TARGETED_DEVICE_FAMILY = "1,2";
				TEST_TARGET_NAME = Minesweeper;
			};
			name = Release;
		};
		D5BD656829322B9F00247DDE /* Debug */ = {
			isa = XCBuildConfiguration;
			buildSettings = {
				ASSETCATALOG_COMPILER_APPICON_NAME = AppIcon;
				ASSETCATALOG_COMPILER_GLOBAL_ACCENT_COLOR_NAME = AccentColor;
				CODE_SIGN_STYLE = Automatic;
				CURRENT_PROJECT_VERSION = 1;
				DEVELOPMENT_ASSET_PATHS = "MinesweeperWatch/Preview\\ Content/Preview\\ Assets.xcassets";
				DEVELOPMENT_TEAM = 8J6VSUTQNX;
				ENABLE_PREVIEWS = YES;
				GENERATE_INFOPLIST_FILE = YES;
				INFOPLIST_KEY_CFBundleDisplayName = MinesweeperWatch;
				INFOPLIST_KEY_UISupportedInterfaceOrientations = "UIInterfaceOrientationPortrait UIInterfaceOrientationPortraitUpsideDown";
				INFOPLIST_KEY_WKCompanionAppBundleIdentifier = "";
				INFOPLIST_KEY_WKRunsIndependentlyOfCompanionApp = YES;
				LD_RUNPATH_SEARCH_PATHS = (
					"$(inherited)",
					"@executable_path/Frameworks",
				);
				MARKETING_VERSION = 1.0;
				PRODUCT_BUNDLE_IDENTIFIER = .watchkitapp;
				PRODUCT_NAME = "$(TARGET_NAME)";
				SDKROOT = watchos;
				SKIP_INSTALL = YES;
				SWIFT_EMIT_LOC_STRINGS = YES;
				SWIFT_VERSION = 5.0;
				TARGETED_DEVICE_FAMILY = 4;
			};
			name = Debug;
		};
		D5BD656929322B9F00247DDE /* Release */ = {
			isa = XCBuildConfiguration;
			buildSettings = {
				ASSETCATALOG_COMPILER_APPICON_NAME = AppIcon;
				ASSETCATALOG_COMPILER_GLOBAL_ACCENT_COLOR_NAME = AccentColor;
				CODE_SIGN_STYLE = Automatic;
				CURRENT_PROJECT_VERSION = 1;
				DEVELOPMENT_ASSET_PATHS = "MinesweeperWatch/Preview\\ Content/Preview\\ Assets.xcassets";
				DEVELOPMENT_TEAM = 8J6VSUTQNX;
				ENABLE_PREVIEWS = YES;
				GENERATE_INFOPLIST_FILE = YES;
				INFOPLIST_KEY_CFBundleDisplayName = MinesweeperWatch;
				INFOPLIST_KEY_UISupportedInterfaceOrientations = "UIInterfaceOrientationPortrait UIInterfaceOrientationPortraitUpsideDown";
				INFOPLIST_KEY_WKCompanionAppBundleIdentifier = "";
				INFOPLIST_KEY_WKRunsIndependentlyOfCompanionApp = YES;
				LD_RUNPATH_SEARCH_PATHS = (
					"$(inherited)",
					"@executable_path/Frameworks",
				);
				MARKETING_VERSION = 1.0;
				PRODUCT_BUNDLE_IDENTIFIER = .watchkitapp;
				PRODUCT_NAME = "$(TARGET_NAME)";
				SDKROOT = watchos;
				SKIP_INSTALL = YES;
				SWIFT_EMIT_LOC_STRINGS = YES;
				SWIFT_VERSION = 5.0;
				TARGETED_DEVICE_FAMILY = 4;
				VALIDATE_PRODUCT = YES;
			};
			name = Release;
		};
/* End XCBuildConfiguration section */

/* Begin XCConfigurationList section */
		D589B4A22927AB7500A7FC24 /* Build configuration list for PBXProject "Minesweeper" */ = {
			isa = XCConfigurationList;
			buildConfigurations = (
				D589B4CA2927AB7600A7FC24 /* Debug */,
				D589B4CB2927AB7600A7FC24 /* Release */,
			);
			defaultConfigurationIsVisible = 0;
			defaultConfigurationName = Release;
		};
		D589B4CC2927AB7600A7FC24 /* Build configuration list for PBXNativeTarget "Minesweeper" */ = {
			isa = XCConfigurationList;
			buildConfigurations = (
				D589B4CD2927AB7600A7FC24 /* Debug */,
				D589B4CE2927AB7600A7FC24 /* Release */,
			);
			defaultConfigurationIsVisible = 0;
			defaultConfigurationName = Release;
		};
		D589B4CF2927AB7600A7FC24 /* Build configuration list for PBXNativeTarget "MinesweeperTests" */ = {
			isa = XCConfigurationList;
			buildConfigurations = (
				D589B4D02927AB7600A7FC24 /* Debug */,
				D589B4D12927AB7600A7FC24 /* Release */,
			);
			defaultConfigurationIsVisible = 0;
			defaultConfigurationName = Release;
		};
		D589B4D22927AB7600A7FC24 /* Build configuration list for PBXNativeTarget "MinesweeperUITests" */ = {
			isa = XCConfigurationList;
			buildConfigurations = (
				D589B4D32927AB7600A7FC24 /* Debug */,
				D589B4D42927AB7600A7FC24 /* Release */,
			);
			defaultConfigurationIsVisible = 0;
			defaultConfigurationName = Release;
		};
		D5BD656A29322B9F00247DDE /* Build configuration list for PBXNativeTarget "MinesweeperWatch" */ = {
			isa = XCConfigurationList;
			buildConfigurations = (
				D5BD656829322B9F00247DDE /* Debug */,
				D5BD656929322B9F00247DDE /* Release */,
			);
			defaultConfigurationIsVisible = 0;
			defaultConfigurationName = Release;
		};
/* End XCConfigurationList section */
	};
	rootObject = D589B49F2927AB7500A7FC24 /* Project object */;
}
